Microsoft Visual Studio Solution File, Format Version 12.00
# Visual Studio 2012
Project("{FAE04EC0-301F-11D3-BF4B-00C04F79EFBC}") = "Memoria", "Memoria.csproj", "{35D8DE11-35ED-4545-83DB-7CC210B5C23D}"
EndProject
Global
	GlobalSection(SolutionConfigurationPlatforms) = preSolution
	Debug|Any CPU = Debug|Any CPU
	ExportDebug|Any CPU = ExportDebug|Any CPU
	ExportRelease|Any CPU = ExportRelease|Any CPU
	EndGlobalSection
	GlobalSection(ProjectConfigurationPlatforms) = postSolution
		{35D8DE11-35ED-4545-83DB-7CC210B5C23D}.Debug|Any CPU.ActiveCfg = Debug|Any CPU
		{35D8DE11-35ED-4545-83DB-7CC210B5C23D}.Debug|Any CPU.Build.0 = Debug|Any CPU
		{35D8DE11-35ED-4545-83DB-7CC210B5C23D}.ExportDebug|Any CPU.ActiveCfg = ExportDebug|Any CPU
		{35D8DE11-35ED-4545-83DB-7CC210B5C23D}.ExportDebug|Any CPU.Build.0 = ExportDebug|Any CPU
		{35D8DE11-35ED-4545-83DB-7CC210B5C23D}.ExportRelease|Any CPU.ActiveCfg = ExportRelease|Any CPU
		{35D8DE11-35ED-4545-83DB-7CC210B5C23D}.ExportRelease|Any CPU.Build.0 = ExportRelease|Any CPU
	EndGlobalSection
EndGlobal
